
Microsoft Visual Studio Solution File, Format Version 12.00
# Visual Studio Version 17
VisualStudioVersion = 17.11.35017.193
MinimumVisualStudioVersion = 10.0.40219.1
Project("{FAE04EC0-301F-11D3-BF4B-00C04F79EFBC}") = "DemoMiddlewareInWebAPI", "DemoMiddlewareInWebAPI\DemoMiddlewareInWebAPI.csproj", "{B59059AD-76A1-4DB4-8E27-9BE2A8DF2F7B}"
EndProject
Global
	GlobalSection(SolutionConfigurationPlatforms) = preSolution
		Debug|Any CPU = Debug|Any CPU
		Release|Any CPU = Release|Any CPU
	EndGlobalSection
	GlobalSection(ProjectConfigurationPlatforms) = postSolution
		{B59059AD-76A1-4DB4-8E27-9BE2A8DF2F7B}.Debug|Any CPU.ActiveCfg = Debug|Any CPU
		{B59059AD-76A1-4DB4-8E27-9BE2A8DF2F7B}.Debug|Any CPU.Build.0 = Debug|Any CPU
		{B59059AD-76A1-4DB4-8E27-9BE2A8DF2F7B}.Release|Any CPU.ActiveCfg = Release|Any CPU
		{B59059AD-76A1-4DB4-8E27-9BE2A8DF2F7B}.Release|Any CPU.Build.0 = Release|Any CPU
	EndGlobalSection
	GlobalSection(SolutionProperties) = preSolution
		HideSolutionNode = FALSE
	EndGlobalSection
	GlobalSection(ExtensibilityGlobals) = postSolution
		SolutionGuid = {F786A1AD-4AB3-44B9-9862-A6D707418DEE}
	EndGlobalSection
EndGlobal
